
Microsoft Visual Studio Solution File, Format Version 12.00
# Visual Studio 15
VisualStudioVersion = 15.0.28307.705
MinimumVisualStudioVersion = 10.0.40219.1
Project("{FAE04EC0-301F-11D3-BF4B-00C04F79EFBC}") = "COVID19", "COVID19\COVID19.csproj", "{38792940-E91E-4C09-AD78-51789F186404}"
EndProject
Global
	GlobalSection(SolutionConfigurationPlatforms) = preSolution
		Debug|Any CPU = Debug|Any CPU
		Release|Any CPU = Release|Any CPU
	EndGlobalSection
	GlobalSection(ProjectConfigurationPlatforms) = postSolution
		{38792940-E91E-4C09-AD78-51789F186404}.Debug|Any CPU.ActiveCfg = Debug|Any CPU
		{38792940-E91E-4C09-AD78-51789F186404}.Debug|Any CPU.Build.0 = Debug|Any CPU
		{38792940-E91E-4C09-AD78-51789F186404}.Release|Any CPU.ActiveCfg = Release|Any CPU
		{38792940-E91E-4C09-AD78-51789F186404}.Release|Any CPU.Build.0 = Release|Any CPU
	EndGlobalSection
	GlobalSection(SolutionProperties) = preSolution
		HideSolutionNode = FALSE
	EndGlobalSection
	GlobalSection(ExtensibilityGlobals) = postSolution
		SolutionGuid = {F4989B9B-2612-4675-95EE-D48F74B2C2E9}
	EndGlobalSection
EndGlobal
